// !$*UTF8*$!
{
	archiveVersion = 1;
	classes = {
	};
	objectVersion = 56;
	objects = {

/* Begin PBXBuildFile section */
		7432FAAE2D40A41A004A1E11 /* LogOutView.swift in Sources */ = {isa = PBXBuildFile; fileRef = 7432FAAD2D40A41A004A1E11 /* LogOutView.swift */; };
		743366642D3BAE8F00A62CD4 /* MapView.swift in Sources */ = {isa = PBXBuildFile; fileRef = 743366632D3BAE8F00A62CD4 /* MapView.swift */; };
		743366662D3BC9BD00A62CD4 /* MapAnnotatedItem.swift in Sources */ = {isa = PBXBuildFile; fileRef = 743366652D3BC9BD00A62CD4 /* MapAnnotatedItem.swift */; };
		743366682D3BCAE000A62CD4 /* MapLocationModel.swift in Sources */ = {isa = PBXBuildFile; fileRef = 743366672D3BCAE000A62CD4 /* MapLocationModel.swift */; };
		743450E52D3DB6F000EB5560 /* HealthyRestaurants.swift in Sources */ = {isa = PBXBuildFile; fileRef = 743450E42D3DB6F000EB5560 /* HealthyRestaurants.swift */; };
		744302FF2D3A9E070054CAB0 /* Persistence.swift in Sources */ = {isa = PBXBuildFile; fileRef = 744302FE2D3A9E070054CAB0 /* Persistence.swift */; };
		746F02EB2D3A67100017FA7E /* NoteBookView.swift in Sources */ = {isa = PBXBuildFile; fileRef = 746F02EA2D3A67100017FA7E /* NoteBookView.swift */; };
		746F02EE2D3A77540017FA7E /* Model.xcdatamodeld in Sources */ = {isa = PBXBuildFile; fileRef = 746F02EC2D3A77540017FA7E /* Model.xcdatamodeld */; };
		746F02F12D3A7B570017FA7E /* Device+CoreDataClass.swift in Sources */ = {isa = PBXBuildFile; fileRef = 746F02EF2D3A7B570017FA7E /* Device+CoreDataClass.swift */; };
		746F02F22D3A7B570017FA7E /* Device+CoreDataProperties.swift in Sources */ = {isa = PBXBuildFile; fileRef = 746F02F02D3A7B570017FA7E /* Device+CoreDataProperties.swift */; };
		746F02FC2D3A8A990017FA7E /* DetailView.swift in Sources */ = {isa = PBXBuildFile; fileRef = 746F02FB2D3A8A990017FA7E /* DetailView.swift */; };
		746F02FE2D3A8DB90017FA7E /* AddDeviceView.swift in Sources */ = {isa = PBXBuildFile; fileRef = 746F02FD2D3A8DB90017FA7E /* AddDeviceView.swift */; };
		74CF48962D39972B00418C84 /* HealthyFoodApp.swift in Sources */ = {isa = PBXBuildFile; fileRef = 74CF48952D39972B00418C84 /* HealthyFoodApp.swift */; };
		74CF489A2D39972D00418C84 /* Assets.xcassets in Resources */ = {isa = PBXBuildFile; fileRef = 74CF48992D39972D00418C84 /* Assets.xcassets */; };
		74CF489D2D39972D00418C84 /* Preview Assets.xcassets in Resources */ = {isa = PBXBuildFile; fileRef = 74CF489C2D39972D00418C84 /* Preview Assets.xcassets */; };
		74CF48A82D399E1C00418C84 /* RegisterView.swift in Sources */ = {isa = PBXBuildFile; fileRef = 74CF48A72D399E1C00418C84 /* RegisterView.swift */; };
		74CF48AA2D399E6F00418C84 /* LoginView.swift in Sources */ = {isa = PBXBuildFile; fileRef = 74CF48A92D399E6F00418C84 /* LoginView.swift */; };
		74CF48AE2D39A14500418C84 /* HomeView.swift in Sources */ = {isa = PBXBuildFile; fileRef = 74CF48AD2D39A14500418C84 /* HomeView.swift */; };
		74CF48B12D39B64E00418C84 /* FirebaseAnalytics in Frameworks */ = {isa = PBXBuildFile; productRef = 74CF48B02D39B64E00418C84 /* FirebaseAnalytics */; };
		74CF48B32D39B94900418C84 /* FirebaseAuth in Frameworks */ = {isa = PBXBuildFile; productRef = 74CF48B22D39B94900418C84 /* FirebaseAuth */; };
		74CF48B72D39BD0300418C84 /* GoogleService-Info.plist in Resources */ = {isa = PBXBuildFile; fileRef = 74CF48B62D39BD0300418C84 /* GoogleService-Info.plist */; };
		74D37A8F2D42D72E00CD88AF /* HealthyRecipesModel.swift in Sources */ = {isa = PBXBuildFile; fileRef = 74D37A8E2D42D72E00CD88AF /* HealthyRecipesModel.swift */; };
		74D37A912D42D74600CD88AF /* UploadHealthyRecipesView.swift in Sources */ = {isa = PBXBuildFile; fileRef = 74D37A902D42D74600CD88AF /* UploadHealthyRecipesView.swift */; };
		74D37A942D42D79100CD88AF /* FirebaseFirestore in Frameworks */ = {isa = PBXBuildFile; productRef = 74D37A932D42D79100CD88AF /* FirebaseFirestore */; };
		74D37A962D42EEDC00CD88AF /* RecipeDetailView.swift in Sources */ = {isa = PBXBuildFile; fileRef = 74D37A952D42EEDC00CD88AF /* RecipeDetailView.swift */; };
		74D37A9E2D4311CA00CD88AF /* RegisterViewTests.swift in Sources */ = {isa = PBXBuildFile; fileRef = 74D37A9D2D4311CA00CD88AF /* RegisterViewTests.swift */; };
		74D37AA52D431B2E00CD88AF /* loginViewTests.swift in Sources */ = {isa = PBXBuildFile; fileRef = 74D37AA42D431B2E00CD88AF /* loginViewTests.swift */; };
		74D7E7802D3EBBF3008BB2D9 /* AIFruitClassificationView.swift in Sources */ = {isa = PBXBuildFile; fileRef = 74D7E77F2D3EBBF3008BB2D9 /* AIFruitClassificationView.swift */; };
		74D7E7882D3EF984008BB2D9 /* FruitClassification.mlmodel in Sources */ = {isa = PBXBuildFile; fileRef = 74D7E7872D3EF984008BB2D9 /* FruitClassification.mlmodel */; };
		74D7E7912D3F0F30008BB2D9 /* FruitNutritionView.swift in Sources */ = {isa = PBXBuildFile; fileRef = 74D7E7902D3F0F30008BB2D9 /* FruitNutritionView.swift */; };
/* End PBXBuildFile section */

/* Begin PBXContainerItemProxy section */
		74D37A9F2D4311CA00CD88AF /* PBXContainerItemProxy */ = {
			isa = PBXContainerItemProxy;
			containerPortal = 74CF488A2D39972B00418C84 /* Project object */;
			proxyType = 1;
			remoteGlobalIDString = 74CF48912D39972B00418C84;
			remoteInfo = HealthyFood;
		};
/* End PBXContainerItemProxy section */

/* Begin PBXFileReference section */
		7432FAAD2D40A41A004A1E11 /* LogOutView.swift */ = {isa = PBXFileReference; lastKnownFileType = sourcecode.swift; path = LogOutView.swift; sourceTree = "<group>"; };
		743366632D3BAE8F00A62CD4 /* MapView.swift */ = {isa = PBXFileReference; lastKnownFileType = sourcecode.swift; path = MapView.swift; sourceTree = "<group>"; };
		743366652D3BC9BD00A62CD4 /* MapAnnotatedItem.swift */ = {isa = PBXFileReference; lastKnownFileType = sourcecode.swift; path = MapAnnotatedItem.swift; sourceTree = "<group>"; };
		743366672D3BCAE000A62CD4 /* MapLocationModel.swift */ = {isa = PBXFileReference; lastKnownFileType = sourcecode.swift; path = MapLocationModel.swift; sourceTree = "<group>"; };
		743450E42D3DB6F000EB5560 /* HealthyRestaurants.swift */ = {isa = PBXFileReference; lastKnownFileType = sourcecode.swift; path = HealthyRestaurants.swift; sourceTree = "<group>"; };
		744302FE2D3A9E070054CAB0 /* Persistence.swift */ = {isa = PBXFileReference; lastKnownFileType = sourcecode.swift; path = Persistence.swift; sourceTree = "<group>"; };
		746F02EA2D3A67100017FA7E /* NoteBookView.swift */ = {isa = PBXFileReference; lastKnownFileType = sourcecode.swift; name = NoteBookView.swift; path = "Preview Content/NoteBookView.swift"; sourceTree = "<group>"; };
		746F02ED2D3A77540017FA7E /* Model.xcdatamodel */ = {isa = PBXFileReference; lastKnownFileType = wrapper.xcdatamodel; path = Model.xcdatamodel; sourceTree = "<group>"; };
		746F02EF2D3A7B570017FA7E /* Device+CoreDataClass.swift */ = {isa = PBXFileReference; lastKnownFileType = sourcecode.swift; path = "Device+CoreDataClass.swift"; sourceTree = "<group>"; };
		746F02F02D3A7B570017FA7E /* Device+CoreDataProperties.swift */ = {isa = PBXFileReference; lastKnownFileType = sourcecode.swift; path = "Device+CoreDataProperties.swift"; sourceTree = "<group>"; };
		746F02FB2D3A8A990017FA7E /* DetailView.swift */ = {isa = PBXFileReference; lastKnownFileType = sourcecode.swift; path = DetailView.swift; sourceTree = "<group>"; };
		746F02FD2D3A8DB90017FA7E /* AddDeviceView.swift */ = {isa = PBXFileReference; lastKnownFileType = sourcecode.swift; path = AddDeviceView.swift; sourceTree = "<group>"; };
		74CF48922D39972B00418C84 /* HealthyFood.app */ = {isa = PBXFileReference; explicitFileType = wrapper.application; includeInIndex = 0; path = HealthyFood.app; sourceTree = BUILT_PRODUCTS_DIR; };
		74CF48952D39972B00418C84 /* HealthyFoodApp.swift */ = {isa = PBXFileReference; lastKnownFileType = sourcecode.swift; path = HealthyFoodApp.swift; sourceTree = "<group>"; };
		74CF48992D39972D00418C84 /* Assets.xcassets */ = {isa = PBXFileReference; lastKnownFileType = folder.assetcatalog; path = Assets.xcassets; sourceTree = "<group>"; };
		74CF489C2D39972D00418C84 /* Preview Assets.xcassets */ = {isa = PBXFileReference; lastKnownFileType = folder.assetcatalog; path = "Preview Assets.xcassets"; sourceTree = "<group>"; };
		74CF48A72D399E1C00418C84 /* RegisterView.swift */ = {isa = PBXFileReference; lastKnownFileType = sourcecode.swift; name = RegisterView.swift; path = ../RegisterView.swift; sourceTree = "<group>"; };
		74CF48A92D399E6F00418C84 /* LoginView.swift */ = {isa = PBXFileReference; lastKnownFileType = sourcecode.swift; name = LoginView.swift; path = ../LoginView.swift; sourceTree = "<group>"; };
		74CF48AD2D39A14500418C84 /* HomeView.swift */ = {isa = PBXFileReference; lastKnownFileType = sourcecode.swift; name = HomeView.swift; path = ../HomeView.swift; sourceTree = "<group>"; };
		74CF48B62D39BD0300418C84 /* GoogleService-Info.plist */ = {isa = PBXFileReference; fileEncoding = 4; lastKnownFileType = text.plist.xml; path = "GoogleService-Info.plist"; sourceTree = "<group>"; };
		74D37A8E2D42D72E00CD88AF /* HealthyRecipesModel.swift */ = {isa = PBXFileReference; lastKnownFileType = sourcecode.swift; path = HealthyRecipesModel.swift; sourceTree = "<group>"; };
		74D37A902D42D74600CD88AF /* UploadHealthyRecipesView.swift */ = {isa = PBXFileReference; lastKnownFileType = sourcecode.swift; path = UploadHealthyRecipesView.swift; sourceTree = "<group>"; };
		74D37A952D42EEDC00CD88AF /* RecipeDetailView.swift */ = {isa = PBXFileReference; lastKnownFileType = sourcecode.swift; path = RecipeDetailView.swift; sourceTree = "<group>"; };
		74D37A9B2D4311CA00CD88AF /* HealthyFoodTests.xctest */ = {isa = PBXFileReference; explicitFileType = wrapper.cfbundle; includeInIndex = 0; path = HealthyFoodTests.xctest; sourceTree = BUILT_PRODUCTS_DIR; };
		74D37A9D2D4311CA00CD88AF /* RegisterViewTests.swift */ = {isa = PBXFileReference; lastKnownFileType = sourcecode.swift; path = RegisterViewTests.swift; sourceTree = "<group>"; };
		74D37AA42D431B2E00CD88AF /* loginViewTests.swift */ = {isa = PBXFileReference; lastKnownFileType = sourcecode.swift; path = loginViewTests.swift; sourceTree = "<group>"; };
		74D7E77F2D3EBBF3008BB2D9 /* AIFruitClassificationView.swift */ = {isa = PBXFileReference; lastKnownFileType = sourcecode.swift; path = AIFruitClassificationView.swift; sourceTree = "<group>"; };
		74D7E7872D3EF984008BB2D9 /* FruitClassification.mlmodel */ = {isa = PBXFileReference; lastKnownFileType = file.mlmodel; path = FruitClassification.mlmodel; sourceTree = "<group>"; };
		74D7E7892D3EFB16008BB2D9 /* Info.plist */ = {isa = PBXFileReference; lastKnownFileType = text.plist.xml; path = Info.plist; sourceTree = "<group>"; };
		74D7E7902D3F0F30008BB2D9 /* FruitNutritionView.swift */ = {isa = PBXFileReference; lastKnownFileType = sourcecode.swift; path = FruitNutritionView.swift; sourceTree = "<group>"; };
/* End PBXFileReference section */

/* Begin PBXFrameworksBuildPhase section */
		74CF488F2D39972B00418C84 /* Frameworks */ = {
			isa = PBXFrameworksBuildPhase;
			buildActionMask = 2147483647;
			files = (
				74CF48B12D39B64E00418C84 /* FirebaseAnalytics in Frameworks */,
				74CF48B32D39B94900418C84 /* FirebaseAuth in Frameworks */,
				74D37A942D42D79100CD88AF /* FirebaseFirestore in Frameworks */,
			);
			runOnlyForDeploymentPostprocessing = 0;
		};
		74D37A982D4311CA00CD88AF /* Frameworks */ = {
			isa = PBXFrameworksBuildPhase;
			buildActionMask = 2147483647;
			files = (
			);
			runOnlyForDeploymentPostprocessing = 0;
		};
/* End PBXFrameworksBuildPhase section */

/* Begin PBXGroup section */
		74CF48892D39972B00418C84 = {
			isa = PBXGroup;
			children = (
				746F02EF2D3A7B570017FA7E /* Device+CoreDataClass.swift */,
				746F02F02D3A7B570017FA7E /* Device+CoreDataProperties.swift */,
				74CF48942D39972B00418C84 /* HealthyFood */,
				74D37A9C2D4311CA00CD88AF /* HealthyFoodTests */,
				74CF48932D39972B00418C84 /* Products */,
				74D37A922D42D79100CD88AF /* Frameworks */,
			);
			sourceTree = "<group>";
		};
		74CF48932D39972B00418C84 /* Products */ = {
			isa = PBXGroup;
			children = (
				74CF48922D39972B00418C84 /* HealthyFood.app */,
				74D37A9B2D4311CA00CD88AF /* HealthyFoodTests.xctest */,
			);
			name = Products;
			sourceTree = "<group>";
		};
		74CF48942D39972B00418C84 /* HealthyFood */ = {
			isa = PBXGroup;
			children = (
				74D7E7892D3EFB16008BB2D9 /* Info.plist */,
				74D7E7872D3EF984008BB2D9 /* FruitClassification.mlmodel */,
				74CF48AD2D39A14500418C84 /* HomeView.swift */,
				74CF48A72D399E1C00418C84 /* RegisterView.swift */,
				74CF48A92D399E6F00418C84 /* LoginView.swift */,
				74CF48952D39972B00418C84 /* HealthyFoodApp.swift */,
				746F02EC2D3A77540017FA7E /* Model.xcdatamodeld */,
				746F02EA2D3A67100017FA7E /* NoteBookView.swift */,
				746F02FD2D3A8DB90017FA7E /* AddDeviceView.swift */,
				746F02FB2D3A8A990017FA7E /* DetailView.swift */,
				744302FE2D3A9E070054CAB0 /* Persistence.swift */,
				743366632D3BAE8F00A62CD4 /* MapView.swift */,
				743366672D3BCAE000A62CD4 /* MapLocationModel.swift */,
				743366652D3BC9BD00A62CD4 /* MapAnnotatedItem.swift */,
				743450E42D3DB6F000EB5560 /* HealthyRestaurants.swift */,
				74D7E77F2D3EBBF3008BB2D9 /* AIFruitClassificationView.swift */,
				74D7E7902D3F0F30008BB2D9 /* FruitNutritionView.swift */,
				7432FAAD2D40A41A004A1E11 /* LogOutView.swift */,
				74D37A8E2D42D72E00CD88AF /* HealthyRecipesModel.swift */,
				74D37A902D42D74600CD88AF /* UploadHealthyRecipesView.swift */,
				74D37A952D42EEDC00CD88AF /* RecipeDetailView.swift */,
				74CF48B62D39BD0300418C84 /* GoogleService-Info.plist */,
				74CF48992D39972D00418C84 /* Assets.xcassets */,
				74CF489B2D39972D00418C84 /* Preview Content */,
			);
			path = HealthyFood;
			sourceTree = "<group>";
		};
		74CF489B2D39972D00418C84 /* Preview Content */ = {
			isa = PBXGroup;
			children = (
				74CF489C2D39972D00418C84 /* Preview Assets.xcassets */,
			);
			path = "Preview Content";
			sourceTree = "<group>";
		};
		74D37A922D42D79100CD88AF /* Frameworks */ = {
			isa = PBXGroup;
			children = (
			);
			name = Frameworks;
			sourceTree = "<group>";
		};
		74D37A9C2D4311CA00CD88AF /* HealthyFoodTests */ = {
			isa = PBXGroup;
			children = (
				74D37A9D2D4311CA00CD88AF /* RegisterViewTests.swift */,
				74D37AA42D431B2E00CD88AF /* loginViewTests.swift */,
			);
			path = HealthyFoodTests;
			sourceTree = "<group>";
		};
/* End PBXGroup section */

/* Begin PBXNativeTarget section */
		74CF48912D39972B00418C84 /* HealthyFood */ = {
			isa = PBXNativeTarget;
			buildConfigurationList = 74CF48A02D39972D00418C84 /* Build configuration list for PBXNativeTarget "HealthyFood" */;
			buildPhases = (
				74CF488E2D39972B00418C84 /* Sources */,
				74CF488F2D39972B00418C84 /* Frameworks */,
				74CF48902D39972B00418C84 /* Resources */,
			);
			buildRules = (
			);
			dependencies = (
			);
			name = HealthyFood;
			packageProductDependencies = (
				74CF48B02D39B64E00418C84 /* FirebaseAnalytics */,
				74CF48B22D39B94900418C84 /* FirebaseAuth */,
				74D37A932D42D79100CD88AF /* FirebaseFirestore */,
			);
			productName = HealthyFood;
			productReference = 74CF48922D39972B00418C84 /* HealthyFood.app */;
			productType = "com.apple.product-type.application";
		};
		74D37A9A2D4311CA00CD88AF /* HealthyFoodTests */ = {
			isa = PBXNativeTarget;
			buildConfigurationList = 74D37AA12D4311CA00CD88AF /* Build configuration list for PBXNativeTarget "HealthyFoodTests" */;
			buildPhases = (
				74D37A972D4311CA00CD88AF /* Sources */,
				74D37A982D4311CA00CD88AF /* Frameworks */,
				74D37A992D4311CA00CD88AF /* Resources */,
			);
			buildRules = (
			);
			dependencies = (
				74D37AA02D4311CA00CD88AF /* PBXTargetDependency */,
			);
			name = HealthyFoodTests;
			productName = HealthyFoodTests;
			productReference = 74D37A9B2D4311CA00CD88AF /* HealthyFoodTests.xctest */;
			productType = "com.apple.product-type.bundle.unit-test";
		};
/* End PBXNativeTarget section */

/* Begin PBXProject section */
		74CF488A2D39972B00418C84 /* Project object */ = {
			isa = PBXProject;
			attributes = {
				BuildIndependentTargetsInParallel = 1;
				LastSwiftUpdateCheck = 1530;
				LastUpgradeCheck = 1530;
				TargetAttributes = {
					74CF48912D39972B00418C84 = {
						CreatedOnToolsVersion = 15.3;
					};
					74D37A9A2D4311CA00CD88AF = {
						CreatedOnToolsVersion = 15.3;
						TestTargetID = 74CF48912D39972B00418C84;
					};
				};
			};
			buildConfigurationList = 74CF488D2D39972B00418C84 /* Build configuration list for PBXProject "HealthyFood" */;
			compatibilityVersion = "Xcode 14.0";
			developmentRegion = en;
			hasScannedForEncodings = 0;
			knownRegions = (
				en,
				Base,
			);
			mainGroup = 74CF48892D39972B00418C84;
			packageReferences = (
				74CF48AF2D39B64E00418C84 /* XCRemoteSwiftPackageReference "firebase-ios-sdk" */,
			);
			productRefGroup = 74CF48932D39972B00418C84 /* Products */;
			projectDirPath = "";
			projectRoot = "";
			targets = (
				74CF48912D39972B00418C84 /* HealthyFood */,
				74D37A9A2D4311CA00CD88AF /* HealthyFoodTests */,
			);
		};
/* End PBXProject section */

/* Begin PBXResourcesBuildPhase section */
		74CF48902D39972B00418C84 /* Resources */ = {
			isa = PBXResourcesBuildPhase;
			buildActionMask = 2147483647;
			files = (
				74CF489D2D39972D00418C84 /* Preview Assets.xcassets in Resources */,
				74CF489A2D39972D00418C84 /* Assets.xcassets in Resources */,
				74CF48B72D39BD0300418C84 /* GoogleService-Info.plist in Resources */,
			);
			runOnlyForDeploymentPostprocessing = 0;
		};
		74D37A992D4311CA00CD88AF /* Resources */ = {
			isa = PBXResourcesBuildPhase;
			buildActionMask = 2147483647;
			files = (
			);
			runOnlyForDeploymentPostprocessing = 0;
		};
/* End PBXResourcesBuildPhase section */

/* Begin PBXSourcesBuildPhase section */
		74CF488E2D39972B00418C84 /* Sources */ = {
			isa = PBXSourcesBuildPhase;
			buildActionMask = 2147483647;
			files = (
				744302FF2D3A9E070054CAB0 /* Persistence.swift in Sources */,
				743450E52D3DB6F000EB5560 /* HealthyRestaurants.swift in Sources */,
				743366642D3BAE8F00A62CD4 /* MapView.swift in Sources */,
				74CF48A82D399E1C00418C84 /* RegisterView.swift in Sources */,
				746F02FC2D3A8A990017FA7E /* DetailView.swift in Sources */,
				74D7E7802D3EBBF3008BB2D9 /* AIFruitClassificationView.swift in Sources */,
				74D7E7912D3F0F30008BB2D9 /* FruitNutritionView.swift in Sources */,
				74D37A962D42EEDC00CD88AF /* RecipeDetailView.swift in Sources */,
				74CF48AE2D39A14500418C84 /* HomeView.swift in Sources */,
				743366662D3BC9BD00A62CD4 /* MapAnnotatedItem.swift in Sources */,
				74CF48AA2D399E6F00418C84 /* LoginView.swift in Sources */,
				74CF48962D39972B00418C84 /* HealthyFoodApp.swift in Sources */,
				746F02EB2D3A67100017FA7E /* NoteBookView.swift in Sources */,
				74D7E7882D3EF984008BB2D9 /* FruitClassification.mlmodel in Sources */,
				746F02FE2D3A8DB90017FA7E /* AddDeviceView.swift in Sources */,
				746F02EE2D3A77540017FA7E /* Model.xcdatamodeld in Sources */,
				743366682D3BCAE000A62CD4 /* MapLocationModel.swift in Sources */,
				7432FAAE2D40A41A004A1E11 /* LogOutView.swift in Sources */,
				746F02F12D3A7B570017FA7E /* Device+CoreDataClass.swift in Sources */,
				74D37A912D42D74600CD88AF /* UploadHealthyRecipesView.swift in Sources */,
				746F02F22D3A7B570017FA7E /* Device+CoreDataProperties.swift in Sources */,
				74D37A8F2D42D72E00CD88AF /* HealthyRecipesModel.swift in Sources */,
			);
			runOnlyForDeploymentPostprocessing = 0;
		};
		74D37A972D4311CA00CD88AF /* Sources */ = {
			isa = PBXSourcesBuildPhase;
			buildActionMask = 2147483647;
			files = (
				74D37AA52D431B2E00CD88AF /* loginViewTests.swift in Sources */,
				74D37A9E2D4311CA00CD88AF /* RegisterViewTests.swift in Sources */,
			);
			runOnlyForDeploymentPostprocessing = 0;
		};
/* End PBXSourcesBuildPhase section */

/* Begin PBXTargetDependency section */
		74D37AA02D4311CA00CD88AF /* PBXTargetDependency */ = {
			isa = PBXTargetDependency;
			target = 74CF48912D39972B00418C84 /* HealthyFood */;
			targetProxy = 74D37A9F2D4311CA00CD88AF /* PBXContainerItemProxy */;
		};
/* End PBXTargetDependency section */

/* Begin XCBuildConfiguration section */
		74CF489E2D39972D00418C84 /* Debug */ = {
			isa = XCBuildConfiguration;
			buildSettings = {
				ALWAYS_SEARCH_USER_PATHS = NO;
				ASSETCATALOG_COMPILER_GENERATE_SWIFT_ASSET_SYMBOL_EXTENSIONS = YES;
				CLANG_ANALYZER_NONNULL = YES;
				CLANG_ANALYZER_NUMBER_OBJECT_CONVERSION = YES_AGGRESSIVE;
				CLANG_CXX_LANGUAGE_STANDARD = "gnu++20";
				CLANG_ENABLE_MODULES = YES;
				CLANG_ENABLE_OBJC_ARC = YES;
				CLANG_ENABLE_OBJC_WEAK = YES;
				CLANG_WARN_BLOCK_CAPTURE_AUTORELEASING = YES;
				CLANG_WARN_BOOL_CONVERSION = YES;
				CLANG_WARN_COMMA = YES;
				CLANG_WARN_CONSTANT_CONVERSION = YES;
				CLANG_WARN_DEPRECATED_OBJC_IMPLEMENTATIONS = YES;
				CLANG_WARN_DIRECT_OBJC_ISA_USAGE = YES_ERROR;
				CLANG_WARN_DOCUMENTATION_COMMENTS = YES;
				CLANG_WARN_EMPTY_BODY = YES;
				CLANG_WARN_ENUM_CONVERSION = YES;
				CLANG_WARN_INFINITE_RECURSION = YES;
				CLANG_WARN_INT_CONVERSION = YES;
				CLANG_WARN_NON_LITERAL_NULL_CONVERSION = YES;
				CLANG_WARN_OBJC_IMPLICIT_RETAIN_SELF = YES;
				CLANG_WARN_OBJC_LITERAL_CONVERSION = YES;
				CLANG_WARN_OBJC_ROOT_CLASS = YES_ERROR;
				CLANG_WARN_QUOTED_INCLUDE_IN_FRAMEWORK_HEADER = YES;
				CLANG_WARN_RANGE_LOOP_ANALYSIS = YES;
				CLANG_WARN_STRICT_PROTOTYPES = YES;
				CLANG_WARN_SUSPICIOUS_MOVE = YES;
				CLANG_WARN_UNGUARDED_AVAILABILITY = YES_AGGRESSIVE;
				CLANG_WARN_UNREACHABLE_CODE = YES;
				CLANG_WARN__DUPLICATE_METHOD_MATCH = YES;
				COPY_PHASE_STRIP = NO;
				DEBUG_INFORMATION_FORMAT = dwarf;
				ENABLE_STRICT_OBJC_MSGSEND = YES;
				ENABLE_TESTABILITY = YES;
				ENABLE_USER_SCRIPT_SANDBOXING = YES;
				GCC_C_LANGUAGE_STANDARD = gnu17;
				GCC_DYNAMIC_NO_PIC = NO;
				GCC_NO_COMMON_BLOCKS = YES;
				GCC_OPTIMIZATION_LEVEL = 0;
				GCC_PREPROCESSOR_DEFINITIONS = (
					"DEBUG=1",
					"$(inherited)",
				);
				GCC_WARN_64_TO_32_BIT_CONVERSION = YES;
				GCC_WARN_ABOUT_RETURN_TYPE = YES_ERROR;
				GCC_WARN_UNDECLARED_SELECTOR = YES;
				GCC_WARN_UNINITIALIZED_AUTOS = YES_AGGRESSIVE;
				GCC_WARN_UNUSED_FUNCTION = YES;
				GCC_WARN_UNUSED_VARIABLE = YES;
				IPHONEOS_DEPLOYMENT_TARGET = 17.4;
				LOCALIZATION_PREFERS_STRING_CATALOGS = YES;
				MTL_ENABLE_DEBUG_INFO = INCLUDE_SOURCE;
				MTL_FAST_MATH = YES;
				ONLY_ACTIVE_ARCH = YES;
				SDKROOT = iphoneos;
				SWIFT_ACTIVE_COMPILATION_CONDITIONS = "DEBUG $(inherited)";
				SWIFT_OPTIMIZATION_LEVEL = "-Onone";
			};
			name = Debug;
		};
		74CF489F2D39972D00418C84 /* Release */ = {
			isa = XCBuildConfiguration;
			buildSettings = {
				ALWAYS_SEARCH_USER_PATHS = NO;
				ASSETCATALOG_COMPILER_GENERATE_SWIFT_ASSET_SYMBOL_EXTENSIONS = YES;
				CLANG_ANALYZER_NONNULL = YES;
				CLANG_ANALYZER_NUMBER_OBJECT_CONVERSION = YES_AGGRESSIVE;
				CLANG_CXX_LANGUAGE_STANDARD = "gnu++20";
				CLANG_ENABLE_MODULES = YES;
				CLANG_ENABLE_OBJC_ARC = YES;
				CLANG_ENABLE_OBJC_WEAK = YES;
				CLANG_WARN_BLOCK_CAPTURE_AUTORELEASING = YES;
				CLANG_WARN_BOOL_CONVERSION = YES;
				CLANG_WARN_COMMA = YES;
				CLANG_WARN_CONSTANT_CONVERSION = YES;
				CLANG_WARN_DEPRECATED_OBJC_IMPLEMENTATIONS = YES;
				CLANG_WARN_DIRECT_OBJC_ISA_USAGE = YES_ERROR;
				CLANG_WARN_DOCUMENTATION_COMMENTS = YES;
				CLANG_WARN_EMPTY_BODY = YES;
				CLANG_WARN_ENUM_CONVERSION = YES;
				CLANG_WARN_INFINITE_RECURSION = YES;
				CLANG_WARN_INT_CONVERSION = YES;
				CLANG_WARN_NON_LITERAL_NULL_CONVERSION = YES;
				CLANG_WARN_OBJC_IMPLICIT_RETAIN_SELF = YES;
				CLANG_WARN_OBJC_LITERAL_CONVERSION = YES;
				CLANG_WARN_OBJC_ROOT_CLASS = YES_ERROR;
				CLANG_WARN_QUOTED_INCLUDE_IN_FRAMEWORK_HEADER = YES;
				CLANG_WARN_RANGE_LOOP_ANALYSIS = YES;
				CLANG_WARN_STRICT_PROTOTYPES = YES;
				CLANG_WARN_SUSPICIOUS_MOVE = YES;
				CLANG_WARN_UNGUARDED_AVAILABILITY = YES_AGGRESSIVE;
				CLANG_WARN_UNREACHABLE_CODE = YES;
				CLANG_WARN__DUPLICATE_METHOD_MATCH = YES;
				COPY_PHASE_STRIP = NO;
				DEBUG_INFORMATION_FORMAT = "dwarf-with-dsym";
				ENABLE_NS_ASSERTIONS = NO;
				ENABLE_STRICT_OBJC_MSGSEND = YES;
				ENABLE_USER_SCRIPT_SANDBOXING = YES;
				GCC_C_LANGUAGE_STANDARD = gnu17;
				GCC_NO_COMMON_BLOCKS = YES;
				GCC_WARN_64_TO_32_BIT_CONVERSION = YES;
				GCC_WARN_ABOUT_RETURN_TYPE = YES_ERROR;
				GCC_WARN_UNDECLARED_SELECTOR = YES;
				GCC_WARN_UNINITIALIZED_AUTOS = YES_AGGRESSIVE;
				GCC_WARN_UNUSED_FUNCTION = YES;
				GCC_WARN_UNUSED_VARIABLE = YES;
				IPHONEOS_DEPLOYMENT_TARGET = 17.4;
				LOCALIZATION_PREFERS_STRING_CATALOGS = YES;
				MTL_ENABLE_DEBUG_INFO = NO;
				MTL_FAST_MATH = YES;
				SDKROOT = iphoneos;
				SWIFT_COMPILATION_MODE = wholemodule;
				VALIDATE_PRODUCT = YES;
			};
			name = Release;
		};
		74CF48A12D39972D00418C84 /* Debug */ = {
			isa = XCBuildConfiguration;
			buildSettings = {
				ASSETCATALOG_COMPILER_APPICON_NAME = AppIcon;
				ASSETCATALOG_COMPILER_GLOBAL_ACCENT_COLOR_NAME = AccentColor;
				CODE_SIGN_STYLE = Automatic;
				CURRENT_PROJECT_VERSION = 1;
				DEVELOPMENT_ASSET_PATHS = "\"HealthyFood/Preview Content\"";
				DEVELOPMENT_TEAM = X75HQD2N5R;
				ENABLE_PREVIEWS = YES;
				GENERATE_INFOPLIST_FILE = YES;
				INFOPLIST_FILE = HealthyFood/Info.plist;
				INFOPLIST_KEY_NSCameraUsageDescription = "This app uses the camera to capture photos for your notes.";
				INFOPLIST_KEY_NSFaceIDUsageDescription = "This app uses Face ID to unlock your notes securely.";
				INFOPLIST_KEY_NSLocationAlwaysAndWhenInUseUsageDescription = "This app requires access to your location to provide location-based services while the app ";
				INFOPLIST_KEY_NSLocationAlwaysUsageDescription = "This app requires access to your location to provide location-based services, even when the app is not ";
				INFOPLIST_KEY_NSLocationWhenInUseUsageDescription = "This app requires access to your location to provide location-based services while the app is ";
				INFOPLIST_KEY_NSPhotoLibraryUsageDescription = "This app needs access to your photo library to let you upload photos to your notes.";
				INFOPLIST_KEY_UIApplicationSceneManifest_Generation = YES;
				INFOPLIST_KEY_UIApplicationSupportsIndirectInputEvents = YES;
				INFOPLIST_KEY_UILaunchScreen_Generation = YES;
				INFOPLIST_KEY_UISupportedInterfaceOrientations_iPad = "UIInterfaceOrientationPortrait UIInterfaceOrientationPortraitUpsideDown UIInterfaceOrientationLandscapeLeft UIInterfaceOrientationLandscapeRight";
				INFOPLIST_KEY_UISupportedInterfaceOrientations_iPhone = "UIInterfaceOrientationPortrait UIInterfaceOrientationLandscapeLeft UIInterfaceOrientationLandscapeRight";
				IPHONEOS_DEPLOYMENT_TARGET = 15.4;
				LD_RUNPATH_SEARCH_PATHS = (
					"$(inherited)",
					"@executable_path/Frameworks",
				);
				MARKETING_VERSION = 1.0;
				PRODUCT_BUNDLE_IDENTIFIER = hk.edu.ive.HealthyFood;
				PRODUCT_NAME = "$(TARGET_NAME)";
				SWIFT_EMIT_LOC_STRINGS = YES;
				SWIFT_VERSION = 5.0;
				TARGETED_DEVICE_FAMILY = "1,2";
			};
			name = Debug;
		};
		74CF48A22D39972D00418C84 /* Release */ = {
			isa = XCBuildConfiguration;
			buildSettings = {
				ASSETCATALOG_COMPILER_APPICON_NAME = AppIcon;
				ASSETCATALOG_COMPILER_GLOBAL_ACCENT_COLOR_NAME = AccentColor;
				CODE_SIGN_STYLE = Automatic;
				CURRENT_PROJECT_VERSION = 1;
				DEVELOPMENT_ASSET_PATHS = "\"HealthyFood/Preview Content\"";
				DEVELOPMENT_TEAM = X75HQD2N5R;
				ENABLE_PREVIEWS = YES;
				GENERATE_INFOPLIST_FILE = YES;
				INFOPLIST_FILE = HealthyFood/Info.plist;
				INFOPLIST_KEY_NSCameraUsageDescription = "This app uses the camera to capture photos for your notes.";
				INFOPLIST_KEY_NSFaceIDUsageDescription = "This app uses Face ID to unlock your notes securely.";
				INFOPLIST_KEY_NSLocationAlwaysAndWhenInUseUsageDescription = "This app requires access to your location to provide location-based services while the app ";
				INFOPLIST_KEY_NSLocationAlwaysUsageDescription = "This app requires access to your location to provide location-based services, even when the app is not ";
				INFOPLIST_KEY_NSLocationWhenInUseUsageDescription = "This app requires access to your location to provide location-based services while the app is ";
				INFOPLIST_KEY_NSPhotoLibraryUsageDescription = "This app needs access to your photo library to let you upload photos to your notes.";
				INFOPLIST_KEY_UIApplicationSceneManifest_Generation = YES;
				INFOPLIST_KEY_UIApplicationSupportsIndirectInputEvents = YES;
				INFOPLIST_KEY_UILaunchScreen_Generation = YES;
				INFOPLIST_KEY_UISupportedInterfaceOrientations_iPad = "UIInterfaceOrientationPortrait UIInterfaceOrientationPortraitUpsideDown UIInterfaceOrientationLandscapeLeft UIInterfaceOrientationLandscapeRight";
				INFOPLIST_KEY_UISupportedInterfaceOrientations_iPhone = "UIInterfaceOrientationPortrait UIInterfaceOrientationLandscapeLeft UIInterfaceOrientationLandscapeRight";
				IPHONEOS_DEPLOYMENT_TARGET = 15.4;
				LD_RUNPATH_SEARCH_PATHS = (
					"$(inherited)",
					"@executable_path/Frameworks",
				);
				MARKETING_VERSION = 1.0;
				PRODUCT_BUNDLE_IDENTIFIER = hk.edu.ive.HealthyFood;
				PRODUCT_NAME = "$(TARGET_NAME)";
				SWIFT_EMIT_LOC_STRINGS = YES;
				SWIFT_VERSION = 5.0;
				TARGETED_DEVICE_FAMILY = "1,2";
			};
			name = Release;
		};
		74D37AA22D4311CA00CD88AF /* Debug */ = {
			isa = XCBuildConfiguration;
			buildSettings = {
				BUNDLE_LOADER = "$(TEST_HOST)";
				CODE_SIGN_STYLE = Automatic;
				CURRENT_PROJECT_VERSION = 1;
				GENERATE_INFOPLIST_FILE = YES;
				MARKETING_VERSION = 1.0;
				PRODUCT_BUNDLE_IDENTIFIER = hk.edu.ive.HealthyFoodTests;
				PRODUCT_NAME = "$(TARGET_NAME)";
				SWIFT_EMIT_LOC_STRINGS = NO;
				SWIFT_VERSION = 5.0;
				TARGETED_DEVICE_FAMILY = "1,2";
				TEST_HOST = "$(BUILT_PRODUCTS_DIR)/HealthyFood.app/$(BUNDLE_EXECUTABLE_FOLDER_PATH)/HealthyFood";
			};
			name = Debug;
		};
		74D37AA32D4311CA00CD88AF /* Release */ = {
			isa = XCBuildConfiguration;
			buildSettings = {
				BUNDLE_LOADER = "$(TEST_HOST)";
				CODE_SIGN_STYLE = Automatic;
				CURRENT_PROJECT_VERSION = 1;
				GENERATE_INFOPLIST_FILE = YES;
				MARKETING_VERSION = 1.0;
				PRODUCT_BUNDLE_IDENTIFIER = hk.edu.ive.HealthyFoodTests;
				PRODUCT_NAME = "$(TARGET_NAME)";
				SWIFT_EMIT_LOC_STRINGS = NO;
				SWIFT_VERSION = 5.0;
				TARGETED_DEVICE_FAMILY = "1,2";
				TEST_HOST = "$(BUILT_PRODUCTS_DIR)/HealthyFood.app/$(BUNDLE_EXECUTABLE_FOLDER_PATH)/HealthyFood";
			};
			name = Release;
		};
/* End XCBuildConfiguration section */

/* Begin XCConfigurationList section */
		74CF488D2D39972B00418C84 /* Build configuration list for PBXProject "HealthyFood" */ = {
			isa = XCConfigurationList;
			buildConfigurations = (
				74CF489E2D39972D00418C84 /* Debug */,
				74CF489F2D39972D00418C84 /* Release */,
			);
			defaultConfigurationIsVisible = 0;
			defaultConfigurationName = Release;
		};
		74CF48A02D39972D00418C84 /* Build configuration list for PBXNativeTarget "HealthyFood" */ = {
			isa = XCConfigurationList;
			buildConfigurations = (
				74CF48A12D39972D00418C84 /* Debug */,
				74CF48A22D39972D00418C84 /* Release */,
			);
			defaultConfigurationIsVisible = 0;
			defaultConfigurationName = Release;
		};
		74D37AA12D4311CA00CD88AF /* Build configuration list for PBXNativeTarget "HealthyFoodTests" */ = {
			isa = XCConfigurationList;
			buildConfigurations = (
				74D37AA22D4311CA00CD88AF /* Debug */,
				74D37AA32D4311CA00CD88AF /* Release */,
			);
			defaultConfigurationIsVisible = 0;
			defaultConfigurationName = Release;
		};
/* End XCConfigurationList section */

/* Begin XCRemoteSwiftPackageReference section */
		74CF48AF2D39B64E00418C84 /* XCRemoteSwiftPackageReference "firebase-ios-sdk" */ = {
			isa = XCRemoteSwiftPackageReference;
			repositoryURL = "https://github.com/firebase/firebase-ios-sdk.git";
			requirement = {
				kind = upToNextMajorVersion;
				minimumVersion = 11.7.0;
			};
		};
/* End XCRemoteSwiftPackageReference section */

/* Begin XCSwiftPackageProductDependency section */
		74CF48B02D39B64E00418C84 /* FirebaseAnalytics */ = {
			isa = XCSwiftPackageProductDependency;
			package = 74CF48AF2D39B64E00418C84 /* XCRemoteSwiftPackageReference "firebase-ios-sdk" */;
			productName = FirebaseAnalytics;
		};
		74CF48B22D39B94900418C84 /* FirebaseAuth */ = {
			isa = XCSwiftPackageProductDependency;
			productName = FirebaseAuth;
		};
		74D37A932D42D79100CD88AF /* FirebaseFirestore */ = {
			isa = XCSwiftPackageProductDependency;
			package = 74CF48AF2D39B64E00418C84 /* XCRemoteSwiftPackageReference "firebase-ios-sdk" */;
			productName = FirebaseFirestore;
		};
/* End XCSwiftPackageProductDependency section */

/* Begin XCVersionGroup section */
		746F02EC2D3A77540017FA7E /* Model.xcdatamodeld */ = {
			isa = XCVersionGroup;
			children = (
				746F02ED2D3A77540017FA7E /* Model.xcdatamodel */,
			);
			currentVersion = 746F02ED2D3A77540017FA7E /* Model.xcdatamodel */;
			path = Model.xcdatamodeld;
			sourceTree = "<group>";
			versionGroupType = wrapper.xcdatamodel;
		};
/* End XCVersionGroup section */
	};
	rootObject = 74CF488A2D39972B00418C84 /* Project object */;
}
